
Microsoft Visual Studio Solution File, Format Version 12.00
# Visual Studio Version 17
VisualStudioVersion = 17.8.34330.188
MinimumVisualStudioVersion = 10.0.40219.1
Project("{FAE04EC0-301F-11D3-BF4B-00C04F79EFBC}") = "MenuApi", "MenuApi.csproj", "{D591190D-7380-4648-9C20-A207034B005E}"
EndProject
Global
	GlobalSection(SolutionConfigurationPlatforms) = preSolution
		Debug|Any CPU = Debug|Any CPU
		Release|Any CPU = Release|Any CPU
	EndGlobalSection
	GlobalSection(ProjectConfigurationPlatforms) = postSolution
		{D591190D-7380-4648-9C20-A207034B005E}.Debug|Any CPU.ActiveCfg = Debug|Any CPU
		{D591190D-7380-4648-9C20-A207034B005E}.Debug|Any CPU.Build.0 = Debug|Any CPU
		{D591190D-7380-4648-9C20-A207034B005E}.Release|Any CPU.ActiveCfg = Release|Any CPU
		{D591190D-7380-4648-9C20-A207034B005E}.Release|Any CPU.Build.0 = Release|Any CPU
	EndGlobalSection
	GlobalSection(SolutionProperties) = preSolution
		HideSolutionNode = FALSE
	EndGlobalSection
	GlobalSection(ExtensibilityGlobals) = postSolution
		SolutionGuid = {F04B9F0A-DC3F-4582-A625-F14427AF13F7}
	EndGlobalSection
EndGlobal
